// !$*UTF8*$!
{
	archiveVersion = 1;
	classes = {
	};
	objectVersion = 51;
	objects = {

/* Begin PBXBuildFile section */
		2F796F75238324AA00D143FE /* Day.swift in Sources */ = {isa = PBXBuildFile; fileRef = 2F796F74238324AA00D143FE /* Day.swift */; };
		2F7AC74A23805CB600A7FC3A /* AppDelegate.swift in Sources */ = {isa = PBXBuildFile; fileRef = 2F7AC74923805CB600A7FC3A /* AppDelegate.swift */; };
		2F7AC74C23805CB600A7FC3A /* ViewController.swift in Sources */ = {isa = PBXBuildFile; fileRef = 2F7AC74B23805CB600A7FC3A /* ViewController.swift */; };
		2F7AC75123805CB900A7FC3A /* Assets.xcassets in Resources */ = {isa = PBXBuildFile; fileRef = 2F7AC75023805CB900A7FC3A /* Assets.xcassets */; };
		2F7AC75423805CB900A7FC3A /* LaunchScreen.storyboard in Resources */ = {isa = PBXBuildFile; fileRef = 2F7AC75223805CB900A7FC3A /* LaunchScreen.storyboard */; };
		2F7AC75C2380656D00A7FC3A /* Trip.swift in Sources */ = {isa = PBXBuildFile; fileRef = 2F7AC75B2380656D00A7FC3A /* Trip.swift */; };
		2F7AC75E238071AE00A7FC3A /* TripCollectionViewCell.swift in Sources */ = {isa = PBXBuildFile; fileRef = 2F7AC75D238071AE00A7FC3A /* TripCollectionViewCell.swift */; };
		54B4A8D565F301DE23806E91 /* Pods_Draft.framework in Frameworks */ = {isa = PBXBuildFile; fileRef = C89E6EEE7B250728F530A48B /* Pods_Draft.framework */; };
		5DDE1C5F2384DFED009523EE /* Networking.swift in Sources */ = {isa = PBXBuildFile; fileRef = 5DDE1C5E2384DFED009523EE /* Networking.swift */; };
		921649B62383A340000CADF7 /* HeaderView.swift in Sources */ = {isa = PBXBuildFile; fileRef = 921649B52383A340000CADF7 /* HeaderView.swift */; };
		9279F8F723848F0600143DAC /* NewYorkMedium-Bold.otf in Resources */ = {isa = PBXBuildFile; fileRef = 9279F8F523848F0600143DAC /* NewYorkMedium-Bold.otf */; };
		9279F8F823848F0600143DAC /* NewYorkMedium-Regular.otf in Resources */ = {isa = PBXBuildFile; fileRef = 9279F8F623848F0600143DAC /* NewYorkMedium-Regular.otf */; };
		9279F8FC2384A70400143DAC /* EditTripViewController.swift in Sources */ = {isa = PBXBuildFile; fileRef = 9279F8FB2384A70400143DAC /* EditTripViewController.swift */; };
		9279F8FE2384A8BF00143DAC /* TripViewController.swift in Sources */ = {isa = PBXBuildFile; fileRef = 9279F8FD2384A8BF00143DAC /* TripViewController.swift */; };
/* End PBXBuildFile section */

/* Begin PBXFileReference section */
		2F796F74238324AA00D143FE /* Day.swift */ = {isa = PBXFileReference; lastKnownFileType = sourcecode.swift; path = Day.swift; sourceTree = "<group>"; };
		2F7AC74623805CB600A7FC3A /* Draft.app */ = {isa = PBXFileReference; explicitFileType = wrapper.application; includeInIndex = 0; path = Draft.app; sourceTree = BUILT_PRODUCTS_DIR; };
		2F7AC74923805CB600A7FC3A /* AppDelegate.swift */ = {isa = PBXFileReference; lastKnownFileType = sourcecode.swift; path = AppDelegate.swift; sourceTree = "<group>"; };
		2F7AC74B23805CB600A7FC3A /* ViewController.swift */ = {isa = PBXFileReference; lastKnownFileType = sourcecode.swift; path = ViewController.swift; sourceTree = "<group>"; };
		2F7AC75023805CB900A7FC3A /* Assets.xcassets */ = {isa = PBXFileReference; lastKnownFileType = folder.assetcatalog; path = Assets.xcassets; sourceTree = "<group>"; };
		2F7AC75323805CB900A7FC3A /* Base */ = {isa = PBXFileReference; lastKnownFileType = file.storyboard; name = Base; path = Base.lproj/LaunchScreen.storyboard; sourceTree = "<group>"; };
		2F7AC75523805CB900A7FC3A /* Info.plist */ = {isa = PBXFileReference; lastKnownFileType = text.plist.xml; path = Info.plist; sourceTree = "<group>"; };
		2F7AC75B2380656D00A7FC3A /* Trip.swift */ = {isa = PBXFileReference; lastKnownFileType = sourcecode.swift; path = Trip.swift; sourceTree = "<group>"; };
		2F7AC75D238071AE00A7FC3A /* TripCollectionViewCell.swift */ = {isa = PBXFileReference; lastKnownFileType = sourcecode.swift; path = TripCollectionViewCell.swift; sourceTree = "<group>"; };
		56FF142833CF044F66D0F902 /* Pods-Draft.debug.xcconfig */ = {isa = PBXFileReference; includeInIndex = 1; lastKnownFileType = text.xcconfig; name = "Pods-Draft.debug.xcconfig"; path = "Target Support Files/Pods-Draft/Pods-Draft.debug.xcconfig"; sourceTree = "<group>"; };
		5DDE1C5E2384DFED009523EE /* Networking.swift */ = {isa = PBXFileReference; lastKnownFileType = sourcecode.swift; path = Networking.swift; sourceTree = "<group>"; };
		921649B52383A340000CADF7 /* HeaderView.swift */ = {isa = PBXFileReference; lastKnownFileType = sourcecode.swift; path = HeaderView.swift; sourceTree = "<group>"; };
		9279F8F523848F0600143DAC /* NewYorkMedium-Bold.otf */ = {isa = PBXFileReference; lastKnownFileType = file; path = "NewYorkMedium-Bold.otf"; sourceTree = "<group>"; };
		9279F8F623848F0600143DAC /* NewYorkMedium-Regular.otf */ = {isa = PBXFileReference; lastKnownFileType = file; path = "NewYorkMedium-Regular.otf"; sourceTree = "<group>"; };
		9279F8FB2384A70400143DAC /* EditTripViewController.swift */ = {isa = PBXFileReference; lastKnownFileType = sourcecode.swift; path = EditTripViewController.swift; sourceTree = "<group>"; };
		9279F8FD2384A8BF00143DAC /* TripViewController.swift */ = {isa = PBXFileReference; lastKnownFileType = sourcecode.swift; path = TripViewController.swift; sourceTree = "<group>"; };
		C89E6EEE7B250728F530A48B /* Pods_Draft.framework */ = {isa = PBXFileReference; explicitFileType = wrapper.framework; includeInIndex = 0; path = Pods_Draft.framework; sourceTree = BUILT_PRODUCTS_DIR; };
		EF7342D4CEAAB2C0D4B29A96 /* Pods-Draft.release.xcconfig */ = {isa = PBXFileReference; includeInIndex = 1; lastKnownFileType = text.xcconfig; name = "Pods-Draft.release.xcconfig"; path = "Target Support Files/Pods-Draft/Pods-Draft.release.xcconfig"; sourceTree = "<group>"; };
/* End PBXFileReference section */

/* Begin PBXFrameworksBuildPhase section */
		2F7AC74323805CB600A7FC3A /* Frameworks */ = {
			isa = PBXFrameworksBuildPhase;
			buildActionMask = 2147483647;
			files = (
				54B4A8D565F301DE23806E91 /* Pods_Draft.framework in Frameworks */,
			);
			runOnlyForDeploymentPostprocessing = 0;
		};
/* End PBXFrameworksBuildPhase section */

/* Begin PBXGroup section */
		2F7AC73D23805CB600A7FC3A = {
			isa = PBXGroup;
			children = (
				2F7AC74823805CB600A7FC3A /* Draft */,
				2F7AC74723805CB600A7FC3A /* Products */,
				BAC8EEF49386886DB39C3335 /* Pods */,
				7EE4FF01184CD6E3CFF126C9 /* Frameworks */,
			);
			sourceTree = "<group>";
		};
		2F7AC74723805CB600A7FC3A /* Products */ = {
			isa = PBXGroup;
			children = (
				2F7AC74623805CB600A7FC3A /* Draft.app */,
			);
			name = Products;
			sourceTree = "<group>";
		};
		2F7AC74823805CB600A7FC3A /* Draft */ = {
			isa = PBXGroup;
			children = (
				2F7AC74923805CB600A7FC3A /* AppDelegate.swift */,
				2F7AC74B23805CB600A7FC3A /* ViewController.swift */,
				2F7AC75D238071AE00A7FC3A /* TripCollectionViewCell.swift */,
				921649B52383A340000CADF7 /* HeaderView.swift */,
				9279F8FB2384A70400143DAC /* EditTripViewController.swift */,
				9279F8FD2384A8BF00143DAC /* TripViewController.swift */,
				2F7AC75B2380656D00A7FC3A /* Trip.swift */,
				2F796F74238324AA00D143FE /* Day.swift */,
				2F7AC75023805CB900A7FC3A /* Assets.xcassets */,
				2F7AC75223805CB900A7FC3A /* LaunchScreen.storyboard */,
				2F7AC75523805CB900A7FC3A /* Info.plist */,
				9279F8F423848EFC00143DAC /* fonts */,
				5DDE1C5E2384DFED009523EE /* Networking.swift */,
			);
			path = Draft;
			sourceTree = "<group>";
		};
		7EE4FF01184CD6E3CFF126C9 /* Frameworks */ = {
			isa = PBXGroup;
			children = (
				C89E6EEE7B250728F530A48B /* Pods_Draft.framework */,
			);
			name = Frameworks;
			sourceTree = "<group>";
		};
		9279F8F423848EFC00143DAC /* fonts */ = {
			isa = PBXGroup;
			children = (
				9279F8F523848F0600143DAC /* NewYorkMedium-Bold.otf */,
				9279F8F623848F0600143DAC /* NewYorkMedium-Regular.otf */,
			);
			name = fonts;
			path = ..;
			sourceTree = "<group>";
		};
		BAC8EEF49386886DB39C3335 /* Pods */ = {
			isa = PBXGroup;
			children = (
				56FF142833CF044F66D0F902 /* Pods-Draft.debug.xcconfig */,
				EF7342D4CEAAB2C0D4B29A96 /* Pods-Draft.release.xcconfig */,
			);
			path = Pods;
			sourceTree = "<group>";
		};
/* End PBXGroup section */

/* Begin PBXNativeTarget section */
		2F7AC74523805CB600A7FC3A /* Draft */ = {
			isa = PBXNativeTarget;
			buildConfigurationList = 2F7AC75823805CB900A7FC3A /* Build configuration list for PBXNativeTarget "Draft" */;
			buildPhases = (
				70359E54091EB699EB9DFFBB /* [CP] Check Pods Manifest.lock */,
				2F7AC74223805CB600A7FC3A /* Sources */,
				2F7AC74323805CB600A7FC3A /* Frameworks */,
				2F7AC74423805CB600A7FC3A /* Resources */,
				76CA86E04052FE9A82E2F53C /* [CP] Embed Pods Frameworks */,
			);
			buildRules = (
			);
			dependencies = (
			);
			name = Draft;
			productName = Draft;
			productReference = 2F7AC74623805CB600A7FC3A /* Draft.app */;
			productType = "com.apple.product-type.application";
		};
/* End PBXNativeTarget section */

/* Begin PBXProject section */
		2F7AC73E23805CB600A7FC3A /* Project object */ = {
			isa = PBXProject;
			attributes = {
				LastSwiftUpdateCheck = 1030;
				LastUpgradeCheck = 1030;
				TargetAttributes = {
					2F7AC74523805CB600A7FC3A = {
						CreatedOnToolsVersion = 10.3;
					};
				};
			};
			buildConfigurationList = 2F7AC74123805CB600A7FC3A /* Build configuration list for PBXProject "Draft" */;
			compatibilityVersion = "Xcode 9.3";
			developmentRegion = en;
			hasScannedForEncodings = 0;
			knownRegions = (
				en,
				Base,
			);
			mainGroup = 2F7AC73D23805CB600A7FC3A;
			productRefGroup = 2F7AC74723805CB600A7FC3A /* Products */;
			projectDirPath = "";
			projectRoot = "";
			targets = (
				2F7AC74523805CB600A7FC3A /* Draft */,
			);
		};
/* End PBXProject section */

/* Begin PBXResourcesBuildPhase section */
		2F7AC74423805CB600A7FC3A /* Resources */ = {
			isa = PBXResourcesBuildPhase;
			buildActionMask = 2147483647;
			files = (
				2F7AC75423805CB900A7FC3A /* LaunchScreen.storyboard in Resources */,
				2F7AC75123805CB900A7FC3A /* Assets.xcassets in Resources */,
				9279F8F723848F0600143DAC /* NewYorkMedium-Bold.otf in Resources */,
				9279F8F823848F0600143DAC /* NewYorkMedium-Regular.otf in Resources */,
			);
			runOnlyForDeploymentPostprocessing = 0;
		};
/* End PBXResourcesBuildPhase section */

/* Begin PBXShellScriptBuildPhase section */
		70359E54091EB699EB9DFFBB /* [CP] Check Pods Manifest.lock */ = {
			isa = PBXShellScriptBuildPhase;
			buildActionMask = 2147483647;
			files = (
			);
			inputFileListPaths = (
			);
			inputPaths = (
				"${PODS_PODFILE_DIR_PATH}/Podfile.lock",
				"${PODS_ROOT}/Manifest.lock",
			);
			name = "[CP] Check Pods Manifest.lock";
			outputFileListPaths = (
			);
			outputPaths = (
				"$(DERIVED_FILE_DIR)/Pods-Draft-checkManifestLockResult.txt",
			);
			runOnlyForDeploymentPostprocessing = 0;
			shellPath = /bin/sh;
			shellScript = "diff \"${PODS_PODFILE_DIR_PATH}/Podfile.lock\" \"${PODS_ROOT}/Manifest.lock\" > /dev/null\nif [ $? != 0 ] ; then\n    # print error to STDERR\n    echo \"error: The sandbox is not in sync with the Podfile.lock. Run 'pod install' or update your CocoaPods installation.\" >&2\n    exit 1\nfi\n# This output is used by Xcode 'outputs' to avoid re-running this script phase.\necho \"SUCCESS\" > \"${SCRIPT_OUTPUT_FILE_0}\"\n";
			showEnvVarsInLog = 0;
		};
		76CA86E04052FE9A82E2F53C /* [CP] Embed Pods Frameworks */ = {
			isa = PBXShellScriptBuildPhase;
			buildActionMask = 2147483647;
			files = (
			);
			inputFileListPaths = (
				"${PODS_ROOT}/Target Support Files/Pods-Draft/Pods-Draft-frameworks-${CONFIGURATION}-input-files.xcfilelist",
			);
			name = "[CP] Embed Pods Frameworks";
			outputFileListPaths = (
				"${PODS_ROOT}/Target Support Files/Pods-Draft/Pods-Draft-frameworks-${CONFIGURATION}-output-files.xcfilelist",
			);
			runOnlyForDeploymentPostprocessing = 0;
			shellPath = /bin/sh;
			shellScript = "\"${PODS_ROOT}/Target Support Files/Pods-Draft/Pods-Draft-frameworks.sh\"\n";
			showEnvVarsInLog = 0;
		};
/* End PBXShellScriptBuildPhase section */

/* Begin PBXSourcesBuildPhase section */
		2F7AC74223805CB600A7FC3A /* Sources */ = {
			isa = PBXSourcesBuildPhase;
			buildActionMask = 2147483647;
			files = (
				2F7AC75C2380656D00A7FC3A /* Trip.swift in Sources */,
				9279F8FE2384A8BF00143DAC /* TripViewController.swift in Sources */,
				2F7AC75E238071AE00A7FC3A /* TripCollectionViewCell.swift in Sources */,
				5DDE1C5F2384DFED009523EE /* Networking.swift in Sources */,
				2F7AC74C23805CB600A7FC3A /* ViewController.swift in Sources */,
				2F796F75238324AA00D143FE /* Day.swift in Sources */,
				2F7AC74A23805CB600A7FC3A /* AppDelegate.swift in Sources */,
				9279F8FC2384A70400143DAC /* EditTripViewController.swift in Sources */,
				921649B62383A340000CADF7 /* HeaderView.swift in Sources */,
			);
			runOnlyForDeploymentPostprocessing = 0;
		};
/* End PBXSourcesBuildPhase section */

/* Begin PBXVariantGroup section */
		2F7AC75223805CB900A7FC3A /* LaunchScreen.storyboard */ = {
			isa = PBXVariantGroup;
			children = (
				2F7AC75323805CB900A7FC3A /* Base */,
			);
			name = LaunchScreen.storyboard;
			sourceTree = "<group>";
		};
/* End PBXVariantGroup section */

/* Begin XCBuildConfiguration section */
		2F7AC75623805CB900A7FC3A /* Debug */ = {
			isa = XCBuildConfiguration;
			buildSettings = {
				ALWAYS_SEARCH_USER_PATHS = NO;
				CLANG_ANALYZER_NONNULL = YES;
				CLANG_ANALYZER_NUMBER_OBJECT_CONVERSION = YES_AGGRESSIVE;
				CLANG_CXX_LANGUAGE_STANDARD = "gnu++14";
				CLANG_CXX_LIBRARY = "libc++";
				CLANG_ENABLE_MODULES = YES;
				CLANG_ENABLE_OBJC_ARC = YES;
				CLANG_ENABLE_OBJC_WEAK = YES;
				CLANG_WARN_BLOCK_CAPTURE_AUTORELEASING = YES;
				CLANG_WARN_BOOL_CONVERSION = YES;
				CLANG_WARN_COMMA = YES;
				CLANG_WARN_CONSTANT_CONVERSION = YES;
				CLANG_WARN_DEPRECATED_OBJC_IMPLEMENTATIONS = YES;
				CLANG_WARN_DIRECT_OBJC_ISA_USAGE = YES_ERROR;
				CLANG_WARN_DOCUMENTATION_COMMENTS = YES;
				CLANG_WARN_EMPTY_BODY = YES;
				CLANG_WARN_ENUM_CONVERSION = YES;
				CLANG_WARN_INFINITE_RECURSION = YES;
				CLANG_WARN_INT_CONVERSION = YES;
				CLANG_WARN_NON_LITERAL_NULL_CONVERSION = YES;
				CLANG_WARN_OBJC_IMPLICIT_RETAIN_SELF = YES;
				CLANG_WARN_OBJC_LITERAL_CONVERSION = YES;
				CLANG_WARN_OBJC_ROOT_CLASS = YES_ERROR;
				CLANG_WARN_RANGE_LOOP_ANALYSIS = YES;
				CLANG_WARN_STRICT_PROTOTYPES = YES;
				CLANG_WARN_SUSPICIOUS_MOVE = YES;
				CLANG_WARN_UNGUARDED_AVAILABILITY = YES_AGGRESSIVE;
				CLANG_WARN_UNREACHABLE_CODE = YES;
				CLANG_WARN__DUPLICATE_METHOD_MATCH = YES;
				CODE_SIGN_IDENTITY = "iPhone Developer";
				COPY_PHASE_STRIP = NO;
				DEBUG_INFORMATION_FORMAT = dwarf;
				ENABLE_STRICT_OBJC_MSGSEND = YES;
				ENABLE_TESTABILITY = YES;
				GCC_C_LANGUAGE_STANDARD = gnu11;
				GCC_DYNAMIC_NO_PIC = NO;
				GCC_NO_COMMON_BLOCKS = YES;
				GCC_OPTIMIZATION_LEVEL = 0;
				GCC_PREPROCESSOR_DEFINITIONS = (
					"DEBUG=1",
					"$(inherited)",
				);
				GCC_WARN_64_TO_32_BIT_CONVERSION = YES;
				GCC_WARN_ABOUT_RETURN_TYPE = YES_ERROR;
				GCC_WARN_UNDECLARED_SELECTOR = YES;
				GCC_WARN_UNINITIALIZED_AUTOS = YES_AGGRESSIVE;
				GCC_WARN_UNUSED_FUNCTION = YES;
				GCC_WARN_UNUSED_VARIABLE = YES;
				IPHONEOS_DEPLOYMENT_TARGET = 12.4;
				MTL_ENABLE_DEBUG_INFO = INCLUDE_SOURCE;
				MTL_FAST_MATH = YES;
				ONLY_ACTIVE_ARCH = YES;
				SDKROOT = iphoneos;
				SWIFT_ACTIVE_COMPILATION_CONDITIONS = DEBUG;
				SWIFT_OPTIMIZATION_LEVEL = "-Onone";
			};
			name = Debug;
		};
		2F7AC75723805CB900A7FC3A /* Release */ = {
			isa = XCBuildConfiguration;
			buildSettings = {
				ALWAYS_SEARCH_USER_PATHS = NO;
				CLANG_ANALYZER_NONNULL = YES;
				CLANG_ANALYZER_NUMBER_OBJECT_CONVERSION = YES_AGGRESSIVE;
				CLANG_CXX_LANGUAGE_STANDARD = "gnu++14";
				CLANG_CXX_LIBRARY = "libc++";
				CLANG_ENABLE_MODULES = YES;
				CLANG_ENABLE_OBJC_ARC = YES;
				CLANG_ENABLE_OBJC_WEAK = YES;
				CLANG_WARN_BLOCK_CAPTURE_AUTORELEASING = YES;
				CLANG_WARN_BOOL_CONVERSION = YES;
				CLANG_WARN_COMMA = YES;
				CLANG_WARN_CONSTANT_CONVERSION = YES;
				CLANG_WARN_DEPRECATED_OBJC_IMPLEMENTATIONS = YES;
				CLANG_WARN_DIRECT_OBJC_ISA_USAGE = YES_ERROR;
				CLANG_WARN_DOCUMENTATION_COMMENTS = YES;
				CLANG_WARN_EMPTY_BODY = YES;
				CLANG_WARN_ENUM_CONVERSION = YES;
				CLANG_WARN_INFINITE_RECURSION = YES;
				CLANG_WARN_INT_CONVERSION = YES;
				CLANG_WARN_NON_LITERAL_NULL_CONVERSION = YES;
				CLANG_WARN_OBJC_IMPLICIT_RETAIN_SELF = YES;
				CLANG_WARN_OBJC_LITERAL_CONVERSION = YES;
				CLANG_WARN_OBJC_ROOT_CLASS = YES_ERROR;
				CLANG_WARN_RANGE_LOOP_ANALYSIS = YES;
				CLANG_WARN_STRICT_PROTOTYPES = YES;
				CLANG_WARN_SUSPICIOUS_MOVE = YES;
				CLANG_WARN_UNGUARDED_AVAILABILITY = YES_AGGRESSIVE;
				CLANG_WARN_UNREACHABLE_CODE = YES;
				CLANG_WARN__DUPLICATE_METHOD_MATCH = YES;
				CODE_SIGN_IDENTITY = "iPhone Developer";
				COPY_PHASE_STRIP = NO;
				DEBUG_INFORMATION_FORMAT = "dwarf-with-dsym";
				ENABLE_NS_ASSERTIONS = NO;
				ENABLE_STRICT_OBJC_MSGSEND = YES;
				GCC_C_LANGUAGE_STANDARD = gnu11;
				GCC_NO_COMMON_BLOCKS = YES;
				GCC_WARN_64_TO_32_BIT_CONVERSION = YES;
				GCC_WARN_ABOUT_RETURN_TYPE = YES_ERROR;
				GCC_WARN_UNDECLARED_SELECTOR = YES;
				GCC_WARN_UNINITIALIZED_AUTOS = YES_AGGRESSIVE;
				GCC_WARN_UNUSED_FUNCTION = YES;
				GCC_WARN_UNUSED_VARIABLE = YES;
				IPHONEOS_DEPLOYMENT_TARGET = 12.4;
				MTL_ENABLE_DEBUG_INFO = NO;
				MTL_FAST_MATH = YES;
				SDKROOT = iphoneos;
				SWIFT_COMPILATION_MODE = wholemodule;
				SWIFT_OPTIMIZATION_LEVEL = "-O";
				VALIDATE_PRODUCT = YES;
			};
			name = Release;
		};
		2F7AC75923805CB900A7FC3A /* Debug */ = {
			isa = XCBuildConfiguration;
			baseConfigurationReference = 56FF142833CF044F66D0F902 /* Pods-Draft.debug.xcconfig */;
			buildSettings = {
				ASSETCATALOG_COMPILER_APPICON_NAME = AppIcon;
				CODE_SIGN_STYLE = Automatic;
				INFOPLIST_FILE = Draft/Info.plist;
				LD_RUNPATH_SEARCH_PATHS = (
					"$(inherited)",
					"@executable_path/Frameworks",
				);
				PRODUCT_BUNDLE_IDENTIFIER = com.draft.Draft;
				PRODUCT_NAME = "$(TARGET_NAME)";
				SWIFT_VERSION = 5.0;
				TARGETED_DEVICE_FAMILY = "1,2";
			};
			name = Debug;
		};
		2F7AC75A23805CB900A7FC3A /* Release */ = {
			isa = XCBuildConfiguration;
			baseConfigurationReference = EF7342D4CEAAB2C0D4B29A96 /* Pods-Draft.release.xcconfig */;
			buildSettings = {
				ASSETCATALOG_COMPILER_APPICON_NAME = AppIcon;
				CODE_SIGN_STYLE = Automatic;
				INFOPLIST_FILE = Draft/Info.plist;
				LD_RUNPATH_SEARCH_PATHS = (
					"$(inherited)",
					"@executable_path/Frameworks",
				);
				PRODUCT_BUNDLE_IDENTIFIER = com.draft.Draft;
				PRODUCT_NAME = "$(TARGET_NAME)";
				SWIFT_VERSION = 5.0;
				TARGETED_DEVICE_FAMILY = "1,2";
			};
			name = Release;
		};
/* End XCBuildConfiguration section */

/* Begin XCConfigurationList section */
		2F7AC74123805CB600A7FC3A /* Build configuration list for PBXProject "Draft" */ = {
			isa = XCConfigurationList;
			buildConfigurations = (
				2F7AC75623805CB900A7FC3A /* Debug */,
				2F7AC75723805CB900A7FC3A /* Release */,
			);
			defaultConfigurationIsVisible = 0;
			defaultConfigurationName = Release;
		};
		2F7AC75823805CB900A7FC3A /* Build configuration list for PBXNativeTarget "Draft" */ = {
			isa = XCConfigurationList;
			buildConfigurations = (
				2F7AC75923805CB900A7FC3A /* Debug */,
				2F7AC75A23805CB900A7FC3A /* Release */,
			);
			defaultConfigurationIsVisible = 0;
			defaultConfigurationName = Release;
		};
/* End XCConfigurationList section */
	};
	rootObject = 2F7AC73E23805CB600A7FC3A /* Project object */;
}
